{
    "name": "hyperjs",
    "version": "1.0.0",
    "lockfileVersion": 2,
    "requires": true,
    "packages": {
        "": {
            "name": "hyperjs",
            "version": "1.0.0",
            "dependencies": {
                "react": "^16.8.6",
                "react-dom": "^16.8.6",
                "scss": "^0.2.4"
            },
            "devDependencies": {
                "@types/react": "^16.9.42",
                "@types/react-dom": "^16.9.4"
            }
        },
        "node_modules/@types/prop-types": {
            "version": "15.7.4",
            "resolved": "https://registry.npmjs.org/@types/prop-types/-/prop-types-15.7.4.tgz",
            "integrity": "sha512-rZ5drC/jWjrArrS8BR6SIr4cWpW09RNTYt9AMZo3Jwwif+iacXAqgVjm0B0Bv/S1jhDXKHqRVNCbACkJ89RAnQ==",
            "dev": true
        },
        "node_modules/@types/react": {
            "version": "16.14.24",
            "resolved": "https://registry.npmjs.org/@types/react/-/react-16.14.24.tgz",
            "integrity": "sha512-e7U2WC8XQP/xfR7bwhOhNFZKPTfW1ph+MiqtudKb8tSV8RyCsovQx2sNVtKoOryjxFKpHPPC/yNiGfdeVM5Gyw==",
            "dev": true,
            "dependencies": {
                "@types/prop-types": "*",
                "@types/scheduler": "*",
                "csstype": "^3.0.2"
            }
        },
        "node_modules/@types/react-dom": {
            "version": "16.9.14",
            "resolved": "https://registry.npmjs.org/@types/react-dom/-/react-dom-16.9.14.tgz",
            "integrity": "sha512-FIX2AVmPTGP30OUJ+0vadeIFJJ07Mh1m+U0rxfgyW34p3rTlXI+nlenvAxNn4BP36YyI9IJ/+UJ7Wu22N1pI7A==",
            "dev": true,
            "dependencies": {
                "@types/react": "^16"
            }
        },
        "node_modules/@types/scheduler": {
            "version": "0.16.2",
            "resolved": "https://registry.npmjs.org/@types/scheduler/-/scheduler-0.16.2.tgz",
            "integrity": "sha512-hppQEBDmlwhFAXKJX2KnWLYu5yMfi91yazPb2l+lbJiwW+wdo1gNeRA+3RgNSO39WYX2euey41KEwnqesU2Jew==",
            "dev": true
        },
        "node_modules/csstype": {
            "version": "3.0.11",
            "resolved": "https://registry.npmjs.org/csstype/-/csstype-3.0.11.tgz",
            "integrity": "sha512-sa6P2wJ+CAbgyy4KFssIb/JNMLxFvKF1pCYCSXS8ZMuqZnMsrxqI2E5sPyoTpxoPU/gVZMzr2zjOfg8GIZOMsw==",
            "dev": true
        },
        "node_modules/js-tokens": {
            "version": "4.0.0",
            "resolved": "https://registry.npmjs.org/js-tokens/-/js-tokens-4.0.0.tgz",
            "integrity": "sha512-RdJUflcE3cUzKiMqQgsCu06FPu9UdIJO0beYbPhHN4k6apgJtifcoCtT9bcxOpYBtpD2kCM6Sbzg4CausW/PKQ=="
        },
        "node_modules/loose-envify": {
            "version": "1.4.0",
            "resolved": "https://registry.npmjs.org/loose-envify/-/loose-envify-1.4.0.tgz",
            "integrity": "sha512-lyuxPGr/Wfhrlem2CL/UcnUc1zcqKAImBDzukY7Y5F/yQiNdko6+fRLevlw1HgMySw7f611UIY408EtxRSoK3Q==",
            "dependencies": {
                "js-tokens": "^3.0.0 || ^4.0.0"
            },
            "bin": {
                "loose-envify": "cli.js"
            }
        },
        "node_modules/object-assign": {
            "version": "4.1.1",
            "resolved": "https://registry.npmjs.org/object-assign/-/object-assign-4.1.1.tgz",
            "integrity": "sha1-IQmtx5ZYh8/AXLvUQsrIv7s2CGM=",
            "engines": {
                "node": ">=0.10.0"
            }
        },
        "node_modules/ometa": {
            "version": "0.2.2",
            "resolved": "https://registry.npmjs.org/ometa/-/ometa-0.2.2.tgz",
            "integrity": "sha1-9TxHNbptVq9aRrBN+3xDNMWW1E4=",
            "engines": {
                "node": ">= 0.2.0"
            }
        },
        "node_modules/prop-types": {
            "version": "15.8.1",
            "resolved": "https://registry.npmjs.org/prop-types/-/prop-types-15.8.1.tgz",
            "integrity": "sha512-oj87CgZICdulUohogVAR7AjlC0327U4el4L6eAvOqCeudMDVU0NThNaV+b9Df4dXgSP1gXMTnPdhfe/2qDH5cg==",
            "dependencies": {
                "loose-envify": "^1.4.0",
                "object-assign": "^4.1.1",
                "react-is": "^16.13.1"
            }
        },
        "node_modules/react": {
            "version": "16.14.0",
            "resolved": "https://registry.npmjs.org/react/-/react-16.14.0.tgz",
            "integrity": "sha512-0X2CImDkJGApiAlcf0ODKIneSwBPhqJawOa5wCtKbu7ZECrmS26NvtSILynQ66cgkT/RJ4LidJOc3bUESwmU8g==",
            "dependencies": {
                "loose-envify": "^1.1.0",
                "object-assign": "^4.1.1",
                "prop-types": "^15.6.2"
            },
            "engines": {
                "node": ">=0.10.0"
            }
        },
        "node_modules/react-dom": {
            "version": "16.14.0",
            "resolved": "https://registry.npmjs.org/react-dom/-/react-dom-16.14.0.tgz",
            "integrity": "sha512-1gCeQXDLoIqMgqD3IO2Ah9bnf0w9kzhwN5q4FGnHZ67hBm9yePzB5JJAIQCc8x3pFnNlwFq4RidZggNAAkzWWw==",
            "dependencies": {
                "loose-envify": "^1.1.0",
                "object-assign": "^4.1.1",
                "prop-types": "^15.6.2",
                "scheduler": "^0.19.1"
            },
            "peerDependencies": {
                "react": "^16.14.0"
            }
        },
        "node_modules/react-is": {
            "version": "16.13.1",
            "resolved": "https://registry.npmjs.org/react-is/-/react-is-16.13.1.tgz",
            "integrity": "sha512-24e6ynE2H+OKt4kqsOvNd8kBpV65zoxbA4BVsEOB3ARVWQki/DHzaUoC5KuON/BiccDaCCTZBuOcfZs70kR8bQ=="
        },
        "node_modules/scheduler": {
            "version": "0.19.1",
            "resolved": "https://registry.npmjs.org/scheduler/-/scheduler-0.19.1.tgz",
            "integrity": "sha512-n/zwRWRYSUj0/3g/otKDRPMh6qv2SYMWNq85IEa8iZyAv8od9zDYpGSnpBEjNgcMNq6Scbu5KfIPxNF72R/2EA==",
            "dependencies": {
                "loose-envify": "^1.1.0",
                "object-assign": "^4.1.1"
            }
        },
        "node_modules/scss": {
            "version": "0.2.4",
            "resolved": "https://registry.npmjs.org/scss/-/scss-0.2.4.tgz",
            "integrity": "sha1-BA2QPtN8XU+krTOuH9OJrBKk4GU=",
            "dependencies": {
                "ometa": "0.2.2"
            },
            "engines": {
                "node": ">= 0.2.0"
            }
        }
    },
    "dependencies": {
        "@types/prop-types": {
            "version": "15.7.4",
            "resolved": "https://registry.npmjs.org/@types/prop-types/-/prop-types-15.7.4.tgz",
            "integrity": "sha512-rZ5drC/jWjrArrS8BR6SIr4cWpW09RNTYt9AMZo3Jwwif+iacXAqgVjm0B0Bv/S1jhDXKHqRVNCbACkJ89RAnQ==",
            "dev": true
        },
        "@types/react": {
            "version": "16.14.24",
            "resolved": "https://registry.npmjs.org/@types/react/-/react-16.14.24.tgz",
            "integrity": "sha512-e7U2WC8XQP/xfR7bwhOhNFZKPTfW1ph+MiqtudKb8tSV8RyCsovQx2sNVtKoOryjxFKpHPPC/yNiGfdeVM5Gyw==",
            "dev": true,
            "requires": {
                "@types/prop-types": "*",
                "@types/scheduler": "*",
                "csstype": "^3.0.2"
            }
        },
        "@types/react-dom": {
            "version": "16.9.14",
            "resolved": "https://registry.npmjs.org/@types/react-dom/-/react-dom-16.9.14.tgz",
            "integrity": "sha512-FIX2AVmPTGP30OUJ+0vadeIFJJ07Mh1m+U0rxfgyW34p3rTlXI+nlenvAxNn4BP36YyI9IJ/+UJ7Wu22N1pI7A==",
            "dev": true,
            "requires": {
                "@types/react": "^16"
            }
        },
        "@types/scheduler": {
            "version": "0.16.2",
            "resolved": "https://registry.npmjs.org/@types/scheduler/-/scheduler-0.16.2.tgz",
            "integrity": "sha512-hppQEBDmlwhFAXKJX2KnWLYu5yMfi91yazPb2l+lbJiwW+wdo1gNeRA+3RgNSO39WYX2euey41KEwnqesU2Jew==",
            "dev": true
        },
        "csstype": {
            "version": "3.0.11",
            "resolved": "https://registry.npmjs.org/csstype/-/csstype-3.0.11.tgz",
            "integrity": "sha512-sa6P2wJ+CAbgyy4KFssIb/JNMLxFvKF1pCYCSXS8ZMuqZnMsrxqI2E5sPyoTpxoPU/gVZMzr2zjOfg8GIZOMsw==",
            "dev": true
        },
        "js-tokens": {
            "version": "4.0.0",
            "resolved": "https://registry.npmjs.org/js-tokens/-/js-tokens-4.0.0.tgz",
            "integrity": "sha512-RdJUflcE3cUzKiMqQgsCu06FPu9UdIJO0beYbPhHN4k6apgJtifcoCtT9bcxOpYBtpD2kCM6Sbzg4CausW/PKQ=="
        },
        "loose-envify": {
            "version": "1.4.0",
            "resolved": "https://registry.npmjs.org/loose-envify/-/loose-envify-1.4.0.tgz",
            "integrity": "sha512-lyuxPGr/Wfhrlem2CL/UcnUc1zcqKAImBDzukY7Y5F/yQiNdko6+fRLevlw1HgMySw7f611UIY408EtxRSoK3Q==",
            "requires": {
                "js-tokens": "^3.0.0 || ^4.0.0"
            }
        },
        "object-assign": {
            "version": "4.1.1",
            "resolved": "https://registry.npmjs.org/object-assign/-/object-assign-4.1.1.tgz",
            "integrity": "sha1-IQmtx5ZYh8/AXLvUQsrIv7s2CGM="
        },
        "ometa": {
            "version": "0.2.2",
            "resolved": "https://registry.npmjs.org/ometa/-/ometa-0.2.2.tgz",
            "integrity": "sha1-9TxHNbptVq9aRrBN+3xDNMWW1E4="
        },
        "prop-types": {
            "version": "15.8.1",
            "resolved": "https://registry.npmjs.org/prop-types/-/prop-types-15.8.1.tgz",
            "integrity": "sha512-oj87CgZICdulUohogVAR7AjlC0327U4el4L6eAvOqCeudMDVU0NThNaV+b9Df4dXgSP1gXMTnPdhfe/2qDH5cg==",
            "requires": {
                "loose-envify": "^1.4.0",
                "object-assign": "^4.1.1",
                "react-is": "^16.13.1"
            }
        },
        "react": {
            "version": "16.14.0",
            "resolved": "https://registry.npmjs.org/react/-/react-16.14.0.tgz",
            "integrity": "sha512-0X2CImDkJGApiAlcf0ODKIneSwBPhqJawOa5wCtKbu7ZECrmS26NvtSILynQ66cgkT/RJ4LidJOc3bUESwmU8g==",
            "requires": {
                "loose-envify": "^1.1.0",
                "object-assign": "^4.1.1",
                "prop-types": "^15.6.2"
            }
        },
        "react-dom": {
            "version": "16.14.0",
            "resolved": "https://registry.npmjs.org/react-dom/-/react-dom-16.14.0.tgz",
            "integrity": "sha512-1gCeQXDLoIqMgqD3IO2Ah9bnf0w9kzhwN5q4FGnHZ67hBm9yePzB5JJAIQCc8x3pFnNlwFq4RidZggNAAkzWWw==",
            "requires": {
                "loose-envify": "^1.1.0",
                "object-assign": "^4.1.1",
                "prop-types": "^15.6.2",
                "scheduler": "^0.19.1"
            }
        },
        "react-is": {
            "version": "16.13.1",
            "resolved": "https://registry.npmjs.org/react-is/-/react-is-16.13.1.tgz",
            "integrity": "sha512-24e6ynE2H+OKt4kqsOvNd8kBpV65zoxbA4BVsEOB3ARVWQki/DHzaUoC5KuON/BiccDaCCTZBuOcfZs70kR8bQ=="
        },
        "scheduler": {
            "version": "0.19.1",
            "resolved": "https://registry.npmjs.org/scheduler/-/scheduler-0.19.1.tgz",
            "integrity": "sha512-n/zwRWRYSUj0/3g/otKDRPMh6qv2SYMWNq85IEa8iZyAv8od9zDYpGSnpBEjNgcMNq6Scbu5KfIPxNF72R/2EA==",
            "requires": {
                "loose-envify": "^1.1.0",
                "object-assign": "^4.1.1"
            }
        },
        "scss": {
            "version": "0.2.4",
            "resolved": "https://registry.npmjs.org/scss/-/scss-0.2.4.tgz",
            "integrity": "sha1-BA2QPtN8XU+krTOuH9OJrBKk4GU=",
            "requires": {
                "ometa": "0.2.2"
            }
        }
    }
}
